{
  "version": 4,
  "terraform_version": "1.10.5",
  "serial": 180,
  "lineage": "8f9d6d82-9b67-fb66-b5d8-763d64ce8c16",
  "outputs": {
    "vm_names": {
      "value": [
        "Ubuntu-24.04-0"
      ],
      "type": [
        "tuple",
        [
          "string"
        ]
      ]
    }
  },
  "resources": [
    {
      "module": "module.libvirt_vms",
      "mode": "managed",
      "type": "libvirt_domain",
      "name": "vm",
      "provider": "module.libvirt_vms.provider[\"registry.terraform.io/dmacvicar/libvirt\"]",
      "instances": [
        {
          "index_key": 0,
          "schema_version": 0,
          "attributes": {
            "arch": "x86_64",
            "autostart": true,
            "boot_device": [
              {
                "dev": [
                  "cdrom",
                  "hd",
                  "network"
                ]
              }
            ],
            "cloudinit": null,
            "cmdline": [],
            "console": [
              {
                "source_host": "127.0.0.1",
                "source_path": "",
                "source_service": "0",
                "target_port": "0",
                "target_type": "serial",
                "type": "pty"
              }
            ],
            "coreos_ignition": null,
            "cpu": [
              {
                "mode": "custom"
              }
            ],
            "description": "",
            "disk": [
              {
                "block_device": "",
                "file": "",
                "scsi": false,
                "url": "",
                "volume_id": "/var/lib/libvirt/kvm/Ubuntu-24.04-disk-0",
                "wwn": ""
              },
              {
                "block_device": "",
                "file": "/var/lib/libvirt/virtual-machines/ubuntu-24.04.1-live-server-amd64.iso",
                "scsi": false,
                "url": "",
                "volume_id": "",
                "wwn": ""
              }
            ],
            "emulator": "/usr/bin/qemu-system-x86_64",
            "filesystem": [],
            "firmware": null,
            "fw_cfg_name": "opt/com.coreos/config",
            "graphics": [
              {
                "autoport": true,
                "listen_address": "0.0.0.0",
                "listen_type": "address",
                "type": "vnc",
                "websocket": 0
              }
            ],
            "id": "45fbb5b5-1e2c-41e5-9c8e-1fa4d7a37e48",
            "initrd": "",
            "kernel": "",
            "machine": "pc",
            "memory": 4096,
            "metadata": null,
            "name": "Ubuntu-24.04-0",
            "network_interface": [
              {
                "addresses": [
                  "192.168.2.84"
                ],
                "bridge": "",
                "hostname": "",
                "mac": "52:54:00:5A:93:19",
                "macvtap": "",
                "network_id": "596e52f4-0858-49fe-ad58-11a5a1cb094b",
                "network_name": "terraform",
                "passthrough": "",
                "vepa": "",
                "wait_for_lease": false
              }
            ],
            "nvram": [],
            "qemu_agent": false,
            "running": true,
            "timeouts": null,
            "tpm": [],
            "type": "kvm",
            "vcpu": 3,
            "video": [],
            "xml": []
          },
          "sensitive_attributes": [],
          "private": "eyJlMmJmYjczMC1lY2FhLTExZTYtOGY4OC0zNDM2M2JjN2M0YzAiOnsiY3JlYXRlIjozMDAwMDAwMDAwMDB9fQ==",
          "dependencies": [
            "module.libvirt_vms.libvirt_network.network_interface",
            "module.libvirt_vms.libvirt_pool.storage_pool",
            "module.libvirt_vms.libvirt_volume.vm_disk"
          ]
        }
      ]
    },
    {
      "module": "module.libvirt_vms",
      "mode": "managed",
      "type": "libvirt_network",
      "name": "network_interface",
      "provider": "module.libvirt_vms.provider[\"registry.terraform.io/dmacvicar/libvirt\"]",
      "instances": [
        {
          "index_key": 0,
          "schema_version": 0,
          "attributes": {
            "addresses": [
              "192.168.2.0/24"
            ],
            "autostart": false,
            "bridge": "virbr1",
            "dhcp": [
              {
                "enabled": true
              }
            ],
            "dns": [],
            "dnsmasq_options": [],
            "domain": null,
            "id": "596e52f4-0858-49fe-ad58-11a5a1cb094b",
            "mode": "nat",
            "mtu": null,
            "name": "terraform",
            "routes": [],
            "xml": []
          },
          "sensitive_attributes": [],
          "private": "bnVsbA=="
        }
      ]
    },
    {
      "module": "module.libvirt_vms",
      "mode": "managed",
      "type": "libvirt_pool",
      "name": "storage_pool",
      "provider": "module.libvirt_vms.provider[\"registry.terraform.io/dmacvicar/libvirt\"]",
      "instances": [
        {
          "schema_version": 0,
          "attributes": {
            "allocation": 89288450048,
            "available": 35077992448,
            "capacity": 124366442496,
            "id": "4fcdf286-431c-4382-abe9-6a523f03d02b",
            "name": "terraform",
            "path": null,
            "source": [],
            "target": [
              {
                "path": "/var/lib/libvirt/kvm"
              }
            ],
            "type": "dir",
            "xml": []
          },
          "sensitive_attributes": [],
          "private": "bnVsbA=="
        }
      ]
    },
    {
      "module": "module.libvirt_vms",
      "mode": "managed",
      "type": "libvirt_volume",
      "name": "vm_disk",
      "provider": "module.libvirt_vms.provider[\"registry.terraform.io/dmacvicar/libvirt\"]",
      "instances": [
        {
          "index_key": 0,
          "schema_version": 0,
          "attributes": {
            "base_volume_id": null,
            "base_volume_name": null,
            "base_volume_pool": null,
            "format": "qcow2",
            "id": "/var/lib/libvirt/kvm/Ubuntu-24.04-disk-0",
            "name": "Ubuntu-24.04-disk-0",
            "pool": "terraform",
            "size": 20971520000,
            "source": null,
            "xml": []
          },
          "sensitive_attributes": [],
          "private": "bnVsbA==",
          "dependencies": [
            "module.libvirt_vms.libvirt_pool.storage_pool"
          ]
        },
        {
          "index_key": 1,
          "schema_version": 0,
          "attributes": {
            "base_volume_id": null,
            "base_volume_name": null,
            "base_volume_pool": null,
            "format": "qcow2",
            "id": "/var/lib/libvirt/kvm/Ubuntu-24.04-disk-1",
            "name": "Ubuntu-24.04-disk-1",
            "pool": "terraform",
            "size": 10485760000,
            "source": null,
            "xml": []
          },
          "sensitive_attributes": [],
          "private": "bnVsbA==",
          "dependencies": [
            "module.libvirt_vms.libvirt_pool.storage_pool"
          ]
        }
      ]
    }
  ],
  "check_results": null
}
