{
  "version": 4,
  "terraform_version": "1.10.5",
  "serial": 146,
  "lineage": "8f9d6d82-9b67-fb66-b5d8-763d64ce8c16",
  "outputs": {
    "vm_names": {
      "value": [
        "Alpine-Linux-0"
      ],
      "type": [
        "tuple",
        [
          "string"
        ]
      ]
    }
  },
  "resources": [
    {
      "module": "module.libvirt_vms",
      "mode": "managed",
      "type": "libvirt_domain",
      "name": "vm",
      "provider": "module.libvirt_vms.provider[\"registry.terraform.io/dmacvicar/libvirt\"]",
      "instances": [
        {
          "index_key": 0,
          "schema_version": 0,
          "attributes": {
            "arch": "x86_64",
            "autostart": true,
            "boot_device": [],
            "cloudinit": null,
            "cmdline": null,
            "console": [
              {
                "source_host": "127.0.0.1",
                "source_path": "",
                "source_service": "0",
                "target_port": "0",
                "target_type": "serial",
                "type": "pty"
              }
            ],
            "coreos_ignition": null,
            "cpu": [
              {
                "mode": "custom"
              }
            ],
            "description": "",
            "disk": [
              {
                "block_device": "",
                "file": "",
                "scsi": false,
                "url": "",
                "volume_id": "/var/lib/libvirt/kvm/Alpine-Linux-disk-0",
                "wwn": ""
              },
              {
                "block_device": "",
                "file": "/var/lib/libvirt/virtual-machines/alpine-extended-3.20.3-x86_64.iso",
                "scsi": false,
                "url": "",
                "volume_id": "",
                "wwn": ""
              }
            ],
            "emulator": "/usr/bin/qemu-system-x86_64",
            "filesystem": [],
            "firmware": null,
            "fw_cfg_name": "opt/com.coreos/config",
            "graphics": [
              {
                "autoport": true,
                "listen_address": "0.0.0.0",
                "listen_type": "address",
                "type": "vnc",
                "websocket": 0
              }
            ],
            "id": "0849ab35-5a06-4022-bc57-9e258249282b",
            "initrd": "",
            "kernel": "",
            "machine": "pc",
            "memory": 2048,
            "metadata": null,
            "name": "Alpine-Linux-0",
            "network_interface": [
              {
                "addresses": [],
                "bridge": "",
                "hostname": "",
                "mac": "52:54:00:46:F2:36",
                "macvtap": "",
                "network_id": "4e6a0188-0f57-4d5f-8864-1600a7012e4c",
                "network_name": "k8snet",
                "passthrough": "",
                "vepa": "",
                "wait_for_lease": false
              }
            ],
            "nvram": null,
            "qemu_agent": false,
            "running": true,
            "timeouts": null,
            "tpm": [],
            "type": "kvm",
            "vcpu": 4,
            "video": [],
            "xml": []
          },
          "sensitive_attributes": [],
          "private": "eyJlMmJmYjczMC1lY2FhLTExZTYtOGY4OC0zNDM2M2JjN2M0YzAiOnsiY3JlYXRlIjozMDAwMDAwMDAwMDB9fQ==",
          "dependencies": [
            "module.libvirt_vms.libvirt_network.network_interface",
            "module.libvirt_vms.libvirt_pool.storage_pool",
            "module.libvirt_vms.libvirt_volume.vm_disk"
          ]
        }
      ]
    },
    {
      "module": "module.libvirt_vms",
      "mode": "managed",
      "type": "libvirt_network",
      "name": "network_interface",
      "provider": "module.libvirt_vms.provider[\"registry.terraform.io/dmacvicar/libvirt\"]",
      "instances": [
        {
          "index_key": 0,
          "schema_version": 0,
          "attributes": {
            "addresses": [
              "192.168.2.0/24"
            ],
            "autostart": false,
            "bridge": "virbr1",
            "dhcp": [
              {
                "enabled": true
              }
            ],
            "dns": null,
            "dnsmasq_options": [],
            "domain": null,
            "id": "4e6a0188-0f57-4d5f-8864-1600a7012e4c",
            "mode": "nat",
            "mtu": null,
            "name": "k8snet",
            "routes": [],
            "xml": []
          },
          "sensitive_attributes": [],
          "private": "bnVsbA=="
        }
      ]
    },
    {
      "module": "module.libvirt_vms",
      "mode": "managed",
      "type": "libvirt_pool",
      "name": "storage_pool",
      "provider": "module.libvirt_vms.provider[\"registry.terraform.io/dmacvicar/libvirt\"]",
      "instances": [
        {
          "schema_version": 0,
          "attributes": {
            "allocation": 87489110016,
            "available": 36877332480,
            "capacity": 124366442496,
            "id": "d496cf91-b1e9-46ca-bf01-6c49682602f8",
            "name": "libvirt-pool",
            "path": null,
            "source": [],
            "target": [
              {
                "path": "/var/lib/libvirt/kvm"
              }
            ],
            "type": "dir",
            "xml": []
          },
          "sensitive_attributes": [],
          "private": "bnVsbA=="
        }
      ]
    },
    {
      "module": "module.libvirt_vms",
      "mode": "managed",
      "type": "libvirt_volume",
      "name": "vm_disk",
      "provider": "module.libvirt_vms.provider[\"registry.terraform.io/dmacvicar/libvirt\"]",
      "instances": [
        {
          "index_key": 0,
          "schema_version": 0,
          "attributes": {
            "base_volume_id": null,
            "base_volume_name": null,
            "base_volume_pool": null,
            "format": "qcow2",
            "id": "/var/lib/libvirt/kvm/Alpine-Linux-disk-0",
            "name": "Alpine-Linux-disk-0",
            "pool": "libvirt-pool",
            "size": 20971520000,
            "source": null,
            "xml": []
          },
          "sensitive_attributes": [],
          "private": "bnVsbA==",
          "dependencies": [
            "module.libvirt_vms.libvirt_pool.storage_pool"
          ]
        },
        {
          "index_key": 1,
          "schema_version": 0,
          "attributes": {
            "base_volume_id": null,
            "base_volume_name": null,
            "base_volume_pool": null,
            "format": "qcow2",
            "id": "/var/lib/libvirt/kvm/Alpine-Linux-disk-1",
            "name": "Alpine-Linux-disk-1",
            "pool": "libvirt-pool",
            "size": 10485760000,
            "source": null,
            "xml": []
          },
          "sensitive_attributes": [],
          "private": "bnVsbA==",
          "dependencies": [
            "module.libvirt_vms.libvirt_pool.storage_pool"
          ]
        }
      ]
    }
  ],
  "check_results": null
}
